{
  "name": "sauve_ta_race",
  "requires": true,
  "lockfileVersion": 1,
  "dependencies": {
    "flatpickr": {
      "version": "4.5.0",
      "resolved": "https://registry.npmjs.org/flatpickr/-/flatpickr-4.5.0.tgz",
      "integrity": "sha512-7AfaM2BVyQmFW4uBpzgoNeRUr6EZlvEh4Pnj298rEsHBq8LIZnPgRaesLORir7dATETUvoLkhrfXZdmNssma+A=="
    }
  }
}
